
Microsoft Visual Studio Solution File, Format Version 12.00
# Visual Studio Version 17
VisualStudioVersion = 17.0.32014.148
MinimumVisualStudioVersion = 10.0.40219.1
Project("{FAE04EC0-301F-11D3-BF4B-00C04F79EFBC}") = "OzonRoute256", "OzonRoute256\OzonRoute256.csproj", "{3B465446-7E4A-4AD1-89CE-1C927332F830}"
EndProject
Global
	GlobalSection(SolutionConfigurationPlatforms) = preSolution
		Debug|Any CPU = Debug|Any CPU
		Release|Any CPU = Release|Any CPU
	EndGlobalSection
	GlobalSection(ProjectConfigurationPlatforms) = postSolution
		{3B465446-7E4A-4AD1-89CE-1C927332F830}.Debug|Any CPU.ActiveCfg = Debug|Any CPU
		{3B465446-7E4A-4AD1-89CE-1C927332F830}.Debug|Any CPU.Build.0 = Debug|Any CPU
		{3B465446-7E4A-4AD1-89CE-1C927332F830}.Release|Any CPU.ActiveCfg = Release|Any CPU
		{3B465446-7E4A-4AD1-89CE-1C927332F830}.Release|Any CPU.Build.0 = Release|Any CPU
	EndGlobalSection
	GlobalSection(SolutionProperties) = preSolution
		HideSolutionNode = FALSE
	EndGlobalSection
	GlobalSection(ExtensibilityGlobals) = postSolution
		SolutionGuid = {490EC6B5-D77C-4254-9591-7792009D04DB}
	EndGlobalSection
EndGlobal
